
Microsoft Visual Studio Solution File, Format Version 12.00
# Visual Studio 15
VisualStudioVersion = 15.0.28010.2026
MinimumVisualStudioVersion = 10.0.40219.1
Project("{FAE04EC0-301F-11D3-BF4B-00C04F79EFBC}") = "RendezvousWrestling", "RendezvousWrestling\RendezvousWrestling.csproj", "{EB3106BB-3EBA-4D19-8B21-631DE36EAF94}"
EndProject
Global
	GlobalSection(SolutionConfigurationPlatforms) = preSolution
		Debug|Any CPU = Debug|Any CPU
		Release|Any CPU = Release|Any CPU
	EndGlobalSection
	GlobalSection(ProjectConfigurationPlatforms) = postSolution
		{EB3106BB-3EBA-4D19-8B21-631DE36EAF94}.Debug|Any CPU.ActiveCfg = Debug|Any CPU
		{EB3106BB-3EBA-4D19-8B21-631DE36EAF94}.Debug|Any CPU.Build.0 = Debug|Any CPU
		{EB3106BB-3EBA-4D19-8B21-631DE36EAF94}.Release|Any CPU.ActiveCfg = Release|Any CPU
		{EB3106BB-3EBA-4D19-8B21-631DE36EAF94}.Release|Any CPU.Build.0 = Release|Any CPU
	EndGlobalSection
	GlobalSection(SolutionProperties) = preSolution
		HideSolutionNode = FALSE
	EndGlobalSection
	GlobalSection(ExtensibilityGlobals) = postSolution
		SolutionGuid = {D3F84412-6C73-4AB8-9EB2-64522B4EE2EF}
	EndGlobalSection
EndGlobal
